
Microsoft Visual Studio Solution File, Format Version 12.00
# Visual Studio Version 17
VisualStudioVersion = 17.10.35004.147
MinimumVisualStudioVersion = 10.0.40219.1
Project("{FAE04EC0-301F-11D3-BF4B-00C04F79EFBC}") = "NewsAPI", "NewsAPI.csproj", "{5B404D8E-DD8E-49B1-9B52-663ED04CF213}"
EndProject
Global
	GlobalSection(SolutionConfigurationPlatforms) = preSolution
		Debug|Any CPU = Debug|Any CPU
		Release|Any CPU = Release|Any CPU
	EndGlobalSection
	GlobalSection(ProjectConfigurationPlatforms) = postSolution
		{5B404D8E-DD8E-49B1-9B52-663ED04CF213}.Debug|Any CPU.ActiveCfg = Debug|Any CPU
		{5B404D8E-DD8E-49B1-9B52-663ED04CF213}.Debug|Any CPU.Build.0 = Debug|Any CPU
		{5B404D8E-DD8E-49B1-9B52-663ED04CF213}.Release|Any CPU.ActiveCfg = Release|Any CPU
		{5B404D8E-DD8E-49B1-9B52-663ED04CF213}.Release|Any CPU.Build.0 = Release|Any CPU
	EndGlobalSection
	GlobalSection(SolutionProperties) = preSolution
		HideSolutionNode = FALSE
	EndGlobalSection
	GlobalSection(ExtensibilityGlobals) = postSolution
		SolutionGuid = {DEE2B3C6-D093-4F35-B6C4-F4A156B9E482}
	EndGlobalSection
EndGlobal
